
Microsoft Visual Studio Solution File, Format Version 12.00
# Visual Studio Version 17
VisualStudioVersion = 17.0.31903.59
MinimumVisualStudioVersion = 10.0.40219.1
Project("{FAE04EC0-301F-11D3-BF4B-00C04F79EFBC}") = "Lemmings", "Lemmings\Lemmings.csproj", "{78A0062E-64A3-4C89-92E0-7A751FFB259C}"
EndProject
Global
	GlobalSection(SolutionConfigurationPlatforms) = preSolution
		Debug|Any CPU = Debug|Any CPU
		Release|Any CPU = Release|Any CPU
	EndGlobalSection
	GlobalSection(SolutionProperties) = preSolution
		HideSolutionNode = FALSE
	EndGlobalSection
	GlobalSection(ProjectConfigurationPlatforms) = postSolution
		{78A0062E-64A3-4C89-92E0-7A751FFB259C}.Debug|Any CPU.ActiveCfg = Debug|Any CPU
		{78A0062E-64A3-4C89-92E0-7A751FFB259C}.Debug|Any CPU.Build.0 = Debug|Any CPU
		{78A0062E-64A3-4C89-92E0-7A751FFB259C}.Release|Any CPU.ActiveCfg = Release|Any CPU
		{78A0062E-64A3-4C89-92E0-7A751FFB259C}.Release|Any CPU.Build.0 = Release|Any CPU
	EndGlobalSection
EndGlobal
